
Microsoft Visual Studio Solution File, Format Version 12.00
# Visual Studio Version 16
VisualStudioVersion = 16.0.30907.101
MinimumVisualStudioVersion = 10.0.40219.1
Project("{F2A71F9B-5D33-465A-A702-920D77279786}") = "CellularMachine", "CellularMachine.fsproj", "{C2C7AC9C-6DDC-46EF-BB82-51FEF7351A4A}"
EndProject
Global
	GlobalSection(SolutionConfigurationPlatforms) = preSolution
		Debug|Any CPU = Debug|Any CPU
		Release|Any CPU = Release|Any CPU
	EndGlobalSection
	GlobalSection(ProjectConfigurationPlatforms) = postSolution
		{C2C7AC9C-6DDC-46EF-BB82-51FEF7351A4A}.Debug|Any CPU.ActiveCfg = Debug|Any CPU
		{C2C7AC9C-6DDC-46EF-BB82-51FEF7351A4A}.Debug|Any CPU.Build.0 = Debug|Any CPU
		{C2C7AC9C-6DDC-46EF-BB82-51FEF7351A4A}.Release|Any CPU.ActiveCfg = Release|Any CPU
		{C2C7AC9C-6DDC-46EF-BB82-51FEF7351A4A}.Release|Any CPU.Build.0 = Release|Any CPU
	EndGlobalSection
	GlobalSection(SolutionProperties) = preSolution
		HideSolutionNode = FALSE
	EndGlobalSection
	GlobalSection(ExtensibilityGlobals) = postSolution
		SolutionGuid = {E114BD14-24F0-4E12-A25A-170638A2FB5D}
	EndGlobalSection
EndGlobal
